# This file was autogenerated by Stack.
# You should not edit this file by hand.
# For more information, please see the documentation at:
#   https://docs.haskellstack.org/en/stable/lock_files

packages:
- completed:
    hackage: microaeson-0.1.0.0@sha256:43dd72c13b2cde29d3fb9a7a67178b6eaaa4280bb6809c52fb4a32487bd5cb25,3318
    pantry-tree:
      size: 421
      sha256: ad9e1d73267680bd860c83f5910c671d641410d571b7f7ce2dae97e494ae7fcd
  original:
    hackage: microaeson-0.1.0.0@sha256:43dd72c13b2cde29d3fb9a7a67178b6eaaa4280bb6809c52fb4a32487bd5cb25,3318
snapshots:
- completed:
    size: 586286
    url: https://raw.githubusercontent.com/commercialhaskell/stackage-snapshots/master/lts/18/15.yaml
    sha256: 2c9cb11d7aa0656bf28672dcb2414ab21e3ba9ea83ca170c216b2c2fc7e55856
  original: lts-18.15
