# This file was autogenerated by Stack.
# You should not edit this file by hand.
# For more information, please see the documentation at:
#   https://docs.haskellstack.org/en/stable/lock_files

packages:
- completed:
    hackage: microaeson-0.1.0.0@sha256:43dd72c13b2cde29d3fb9a7a67178b6eaaa4280bb6809c52fb4a32487bd5cb25,3318
    pantry-tree:
      size: 421
      sha256: ad9e1d73267680bd860c83f5910c671d641410d571b7f7ce2dae97e494ae7fcd
  original:
    hackage: microaeson-0.1.0.0@sha256:43dd72c13b2cde29d3fb9a7a67178b6eaaa4280bb6809c52fb4a32487bd5cb25,3318
snapshots:
- completed:
    size: 563098
    url: https://raw.githubusercontent.com/commercialhaskell/stackage-snapshots/master/lts/17/1.yaml
    sha256: 395775c03e66a4286f134d50346b0b6f1432131cf542886252984b4cfa5fef69
  original: lts-17.1
