# This file was autogenerated by Stack.
# You should not edit this file by hand.
# For more information, please see the documentation at:
#   https://docs.haskellstack.org/en/stable/lock_files

packages:
- completed:
    hackage: microaeson-0.1.0.0@sha256:43dd72c13b2cde29d3fb9a7a67178b6eaaa4280bb6809c52fb4a32487bd5cb25,3318
    pantry-tree:
      size: 421
      sha256: ad9e1d73267680bd860c83f5910c671d641410d571b7f7ce2dae97e494ae7fcd
  original:
    hackage: microaeson-0.1.0.0@sha256:43dd72c13b2cde29d3fb9a7a67178b6eaaa4280bb6809c52fb4a32487bd5cb25,3318
snapshots:
- completed:
    size: 563099
    url: https://raw.githubusercontent.com/commercialhaskell/stackage-snapshots/master/lts/17/3.yaml
    sha256: 1e9f31ec160a144f796bc49b91dfc2bab5eca88b1dcc93da569108febaf5b382
  original: lts-17.3
